
Microsoft Visual Studio Solution File, Format Version 11.00
# Visual Studio 2010
Project("{FAE04EC0-301F-11D3-BF4B-00C04F79EFBC}") = "AFOCFILESHARE", "AFOCFILESHARE\AFOCFILESHARE.csproj", "{3F439E23-5F28-48A5-BA8C-047DD79D1669}"
EndProject
Global
	GlobalSection(SolutionConfigurationPlatforms) = preSolution
		Debug|Any CPU = Debug|Any CPU
		Release|Any CPU = Release|Any CPU
	EndGlobalSection
	GlobalSection(ProjectConfigurationPlatforms) = postSolution
		{3F439E23-5F28-48A5-BA8C-047DD79D1669}.Debug|Any CPU.ActiveCfg = Debug|Any CPU
		{3F439E23-5F28-48A5-BA8C-047DD79D1669}.Debug|Any CPU.Build.0 = Debug|Any CPU
		{3F439E23-5F28-48A5-BA8C-047DD79D1669}.Release|Any CPU.ActiveCfg = Release|Any CPU
		{3F439E23-5F28-48A5-BA8C-047DD79D1669}.Release|Any CPU.Build.0 = Release|Any CPU
	EndGlobalSection
	GlobalSection(SolutionProperties) = preSolution
		HideSolutionNode = FALSE
	EndGlobalSection
EndGlobal
